// !$*UTF8*$!
{
	archiveVersion = 1;
	classes = {
	};
	objectVersion = 46;
	objects = {

/* Begin PBXBuildFile section */
		63284BCD17226E190093C4B3 /* UIKit.framework in Frameworks */ = {isa = PBXBuildFile; fileRef = 63284BCC17226E190093C4B3 /* UIKit.framework */; };
		63284BCF17226E190093C4B3 /* Foundation.framework in Frameworks */ = {isa = PBXBuildFile; fileRef = 63284BCE17226E190093C4B3 /* Foundation.framework */; };
		63284BD117226E190093C4B3 /* CoreGraphics.framework in Frameworks */ = {isa = PBXBuildFile; fileRef = 63284BD017226E190093C4B3 /* CoreGraphics.framework */; };
		63284BD717226E190093C4B3 /* InfoPlist.strings in Resources */ = {isa = PBXBuildFile; fileRef = 63284BD517226E190093C4B3 /* InfoPlist.strings */; };
		63284BD917226E190093C4B3 /* main.m in Sources */ = {isa = PBXBuildFile; fileRef = 63284BD817226E190093C4B3 /* main.m */; };
		63284BDD17226E190093C4B3 /* AppDelegate.m in Sources */ = {isa = PBXBuildFile; fileRef = 63284BDC17226E190093C4B3 /* AppDelegate.m */; };
		63284BE617226E190093C4B3 /* MainStoryboard.storyboard in Resources */ = {isa = PBXBuildFile; fileRef = 63284BE417226E190093C4B3 /* MainStoryboard.storyboard */; };
		63284BE917226E190093C4B3 /* ViewController.m in Sources */ = {isa = PBXBuildFile; fileRef = 63284BE817226E190093C4B3 /* ViewController.m */; };
		633EFBAD17C78B4A0030436A /* u subsitution worksheet-1.pdf in Resources */ = {isa = PBXBuildFile; fileRef = 633EFBAC17C78B4A0030436A /* u subsitution worksheet-1.pdf */; };
		636622CF17D07DEA00CDD510 /* Diff Quiz.pdf in Resources */ = {isa = PBXBuildFile; fileRef = 636622CE17D07DEA00CDD510 /* Diff Quiz.pdf */; };
		636622D117D07F1500CDD510 /* Year 11 Quadratics What do I remember.pdf in Resources */ = {isa = PBXBuildFile; fileRef = 636622D017D07F1500CDD510 /* Year 11 Quadratics What do I remember.pdf */; };
		636622D317D07FF300CDD510 /* Mathematics Statistics Test .pdf in Resources */ = {isa = PBXBuildFile; fileRef = 636622D217D07FF300CDD510 /* Mathematics Statistics Test .pdf */; };
		636622D517D0807B00CDD510 /* Maths Studies Binomial Distribution Revision.pdf in Resources */ = {isa = PBXBuildFile; fileRef = 636622D417D0807B00CDD510 /* Maths Studies Binomial Distribution Revision.pdf */; };
		636622D717D080E300CDD510 /* Physics Textbook 5.0.pdf in Resources */ = {isa = PBXBuildFile; fileRef = 636622D617D080E300CDD510 /* Physics Textbook 5.0.pdf */; };
		636622D917D081E700CDD510 /* Fractions Exam Grade 7.pdf in Resources */ = {isa = PBXBuildFile; fileRef = 636622D817D081E700CDD510 /* Fractions Exam Grade 7.pdf */; };
		636622DB17D082AE00CDD510 /* How many moles in a ham and cheese sandwich.pdf in Resources */ = {isa = PBXBuildFile; fileRef = 636622DA17D082AE00CDD510 /* How many moles in a ham and cheese sandwich.pdf */; };
		636622DF17D090B600CDD510 /* First Principles.pdf in Resources */ = {isa = PBXBuildFile; fileRef = 636622DE17D090B600CDD510 /* First Principles.pdf */; };
		636622E117D0924E00CDD510 /* POWER RULE 101.pdf in Resources */ = {isa = PBXBuildFile; fileRef = 636622E017D0924E00CDD510 /* POWER RULE 101.pdf */; };
		636622E317D092F500CDD510 /* POWER RULE.pdf in Resources */ = {isa = PBXBuildFile; fileRef = 636622E217D092F500CDD510 /* POWER RULE.pdf */; };
		636622E517D0935A00CDD510 /* SUM RULE.pdf in Resources */ = {isa = PBXBuildFile; fileRef = 636622E417D0935A00CDD510 /* SUM RULE.pdf */; };
		636622E717D093EC00CDD510 /* QUOTIENT RULE.pdf in Resources */ = {isa = PBXBuildFile; fileRef = 636622E617D093EC00CDD510 /* QUOTIENT RULE.pdf */; };
		636622E917D094AE00CDD510 /* PRODUCT RULE.pdf in Resources */ = {isa = PBXBuildFile; fileRef = 636622E817D094AE00CDD510 /* PRODUCT RULE.pdf */; };
		636622EB17D094F700CDD510 /* EULER RULE.pdf in Resources */ = {isa = PBXBuildFile; fileRef = 636622EA17D094F700CDD510 /* EULER RULE.pdf */; };
		636622ED17D0954500CDD510 /* LNX.pdf in Resources */ = {isa = PBXBuildFile; fileRef = 636622EC17D0954500CDD510 /* LNX.pdf */; };
		636622EF17D095BE00CDD510 /* TRIGONOMETRIC FUNCTION DERIVATIVES.pdf in Resources */ = {isa = PBXBuildFile; fileRef = 636622EE17D095BE00CDD510 /* TRIGONOMETRIC FUNCTION DERIVATIVES.pdf */; };
		636622F117D0963100CDD510 /* CHAIN RULE.pdf in Resources */ = {isa = PBXBuildFile; fileRef = 636622F017D0963100CDD510 /* CHAIN RULE.pdf */; };
		636622F317D0A0D900CDD510 /* SLOPE.pdf in Resources */ = {isa = PBXBuildFile; fileRef = 636622F217D0A0D900CDD510 /* SLOPE.pdf */; };
		636622F517D0A24C00CDD510 /* DISTANCE.pdf in Resources */ = {isa = PBXBuildFile; fileRef = 636622F417D0A24C00CDD510 /* DISTANCE.pdf */; };
		636622F717D0A2D100CDD510 /* MIDPOINT.pdf in Resources */ = {isa = PBXBuildFile; fileRef = 636622F617D0A2D000CDD510 /* MIDPOINT.pdf */; };
		636622F917D0A34A00CDD510 /* INTERCEPTS.pdf in Resources */ = {isa = PBXBuildFile; fileRef = 636622F817D0A34A00CDD510 /* INTERCEPTS.pdf */; };
		63D12E2D17BF1A5A00ABACEE /* year 10 exponents and logs quiz.pdf in Resources */ = {isa = PBXBuildFile; fileRef = 63D12E2C17BF1A5A00ABACEE /* year 10 exponents and logs quiz.pdf */; };
		63FF038417892B87005865BB /* InitialView.m in Sources */ = {isa = PBXBuildFile; fileRef = 63FF038317892B87005865BB /* InitialView.m */; };
		63FF038A17892CE4005865BB /* ECSlidingViewController.m in Sources */ = {isa = PBXBuildFile; fileRef = 63FF038717892CE4005865BB /* ECSlidingViewController.m */; };
		63FF038B17892CE4005865BB /* UIImage+ImageWithUIView.m in Sources */ = {isa = PBXBuildFile; fileRef = 63FF038917892CE4005865BB /* UIImage+ImageWithUIView.m */; };
		63FF038D17892E09005865BB /* QuartzCore.framework in Frameworks */ = {isa = PBXBuildFile; fileRef = 63FF038C17892E09005865BB /* QuartzCore.framework */; };
		63FF039017892E72005865BB /* MenuViewController.m in Sources */ = {isa = PBXBuildFile; fileRef = 63FF038F17892E72005865BB /* MenuViewController.m */; };
		BF3E120F1792A1C600555DBB /* Kefa.ttc in Resources */ = {isa = PBXBuildFile; fileRef = BF3E120E1792A1C600555DBB /* Kefa.ttc */; };
		BF6F18A517EEA72F00422823 /* Images.xcassets in Resources */ = {isa = PBXBuildFile; fileRef = BF6F18A417EEA72F00422823 /* Images.xcassets */; };
		BF823160177AD6510082E6E5 /* EquationViewer.m in Sources */ = {isa = PBXBuildFile; fileRef = BF82315F177AD6510082E6E5 /* EquationViewer.m */; };
		BF91462C17D89A090076F7D8 /* WorkedExamplesViewer.m in Sources */ = {isa = PBXBuildFile; fileRef = BF91462B17D89A090076F7D8 /* WorkedExamplesViewer.m */; };
		BFCBB72B17D1CDFF0032F173 /* DocumentViewer.m in Sources */ = {isa = PBXBuildFile; fileRef = BFCBB72A17D1CDFF0032F173 /* DocumentViewer.m */; };
/* End PBXBuildFile section */

/* Begin PBXFileReference section */
		63284BC917226E190093C4B3 /* Formulae.app */ = {isa = PBXFileReference; explicitFileType = wrapper.application; includeInIndex = 0; path = Formulae.app; sourceTree = BUILT_PRODUCTS_DIR; };
		63284BCC17226E190093C4B3 /* UIKit.framework */ = {isa = PBXFileReference; lastKnownFileType = wrapper.framework; name = UIKit.framework; path = System/Library/Frameworks/UIKit.framework; sourceTree = SDKROOT; };
		63284BCE17226E190093C4B3 /* Foundation.framework */ = {isa = PBXFileReference; lastKnownFileType = wrapper.framework; name = Foundation.framework; path = System/Library/Frameworks/Foundation.framework; sourceTree = SDKROOT; };
		63284BD017226E190093C4B3 /* CoreGraphics.framework */ = {isa = PBXFileReference; lastKnownFileType = wrapper.framework; name = CoreGraphics.framework; path = System/Library/Frameworks/CoreGraphics.framework; sourceTree = SDKROOT; };
		63284BD417226E190093C4B3 /* Formulae-Info.plist */ = {isa = PBXFileReference; lastKnownFileType = text.plist.xml; path = "Formulae-Info.plist"; sourceTree = "<group>"; };
		63284BD617226E190093C4B3 /* en */ = {isa = PBXFileReference; lastKnownFileType = text.plist.strings; name = en; path = en.lproj/InfoPlist.strings; sourceTree = "<group>"; };
		63284BD817226E190093C4B3 /* main.m */ = {isa = PBXFileReference; lastKnownFileType = sourcecode.c.objc; path = main.m; sourceTree = "<group>"; };
		63284BDA17226E190093C4B3 /* Formulae-Prefix.pch */ = {isa = PBXFileReference; lastKnownFileType = sourcecode.c.h; path = "Formulae-Prefix.pch"; sourceTree = "<group>"; };
		63284BDB17226E190093C4B3 /* AppDelegate.h */ = {isa = PBXFileReference; lastKnownFileType = sourcecode.c.h; name = AppDelegate.h; path = Formulae/AppDelegate.h; sourceTree = "<group>"; };
		63284BDC17226E190093C4B3 /* AppDelegate.m */ = {isa = PBXFileReference; lastKnownFileType = sourcecode.c.objc; name = AppDelegate.m; path = Formulae/AppDelegate.m; sourceTree = "<group>"; };
		63284BE517226E190093C4B3 /* en */ = {isa = PBXFileReference; lastKnownFileType = file.storyboard; name = en; path = en.lproj/MainStoryboard.storyboard; sourceTree = "<group>"; };
		63284BE717226E190093C4B3 /* ViewController.h */ = {isa = PBXFileReference; lastKnownFileType = sourcecode.c.h; name = ViewController.h; path = Formulae/ViewController.h; sourceTree = "<group>"; };
		63284BE817226E190093C4B3 /* ViewController.m */ = {isa = PBXFileReference; lastKnownFileType = sourcecode.c.objc; name = ViewController.m; path = Formulae/ViewController.m; sourceTree = "<group>"; };
		633EFBAC17C78B4A0030436A /* u subsitution worksheet-1.pdf */ = {isa = PBXFileReference; lastKnownFileType = image.pdf; name = "u subsitution worksheet-1.pdf"; path = "../u subsitution worksheet-1.pdf"; sourceTree = "<group>"; };
		636622CE17D07DEA00CDD510 /* Diff Quiz.pdf */ = {isa = PBXFileReference; lastKnownFileType = image.pdf; name = "Diff Quiz.pdf"; path = "../Diff Quiz.pdf"; sourceTree = "<group>"; };
		636622D017D07F1500CDD510 /* Year 11 Quadratics What do I remember.pdf */ = {isa = PBXFileReference; lastKnownFileType = image.pdf; path = "Year 11 Quadratics What do I remember.pdf"; sourceTree = "<group>"; };
		636622D217D07FF300CDD510 /* Mathematics Statistics Test .pdf */ = {isa = PBXFileReference; lastKnownFileType = image.pdf; name = "Mathematics Statistics Test .pdf"; path = "../Mathematics Statistics Test .pdf"; sourceTree = "<group>"; };
		636622D417D0807B00CDD510 /* Maths Studies Binomial Distribution Revision.pdf */ = {isa = PBXFileReference; lastKnownFileType = image.pdf; name = "Maths Studies Binomial Distribution Revision.pdf"; path = "../Maths Studies Binomial Distribution Revision.pdf"; sourceTree = "<group>"; };
		636622D617D080E300CDD510 /* Physics Textbook 5.0.pdf */ = {isa = PBXFileReference; lastKnownFileType = image.pdf; name = "Physics Textbook 5.0.pdf"; path = "../Physics Textbook 5.0.pdf"; sourceTree = "<group>"; };
		636622D817D081E700CDD510 /* Fractions Exam Grade 7.pdf */ = {isa = PBXFileReference; lastKnownFileType = image.pdf; name = "Fractions Exam Grade 7.pdf"; path = "../Fractions Exam Grade 7.pdf"; sourceTree = "<group>"; };
		636622DA17D082AE00CDD510 /* How many moles in a ham and cheese sandwich.pdf */ = {isa = PBXFileReference; lastKnownFileType = image.pdf; name = "How many moles in a ham and cheese sandwich.pdf"; path = "../How many moles in a ham and cheese sandwich.pdf"; sourceTree = "<group>"; };
		636622DE17D090B600CDD510 /* First Principles.pdf */ = {isa = PBXFileReference; lastKnownFileType = image.pdf; name = "First Principles.pdf"; path = "../First Principles.pdf"; sourceTree = "<group>"; };
		636622E017D0924E00CDD510 /* POWER RULE 101.pdf */ = {isa = PBXFileReference; lastKnownFileType = image.pdf; name = "POWER RULE 101.pdf"; path = "../POWER RULE 101.pdf"; sourceTree = "<group>"; };
		636622E217D092F500CDD510 /* POWER RULE.pdf */ = {isa = PBXFileReference; lastKnownFileType = image.pdf; name = "POWER RULE.pdf"; path = "../POWER RULE.pdf"; sourceTree = "<group>"; };
		636622E417D0935A00CDD510 /* SUM RULE.pdf */ = {isa = PBXFileReference; lastKnownFileType = image.pdf; name = "SUM RULE.pdf"; path = "../SUM RULE.pdf"; sourceTree = "<group>"; };
		636622E617D093EC00CDD510 /* QUOTIENT RULE.pdf */ = {isa = PBXFileReference; lastKnownFileType = image.pdf; name = "QUOTIENT RULE.pdf"; path = "../QUOTIENT RULE.pdf"; sourceTree = "<group>"; };
		636622E817D094AE00CDD510 /* PRODUCT RULE.pdf */ = {isa = PBXFileReference; lastKnownFileType = image.pdf; name = "PRODUCT RULE.pdf"; path = "../PRODUCT RULE.pdf"; sourceTree = "<group>"; };
		636622EA17D094F700CDD510 /* EULER RULE.pdf */ = {isa = PBXFileReference; lastKnownFileType = image.pdf; name = "EULER RULE.pdf"; path = "../EULER RULE.pdf"; sourceTree = "<group>"; };
		636622EC17D0954500CDD510 /* LNX.pdf */ = {isa = PBXFileReference; lastKnownFileType = image.pdf; name = LNX.pdf; path = ../LNX.pdf; sourceTree = "<group>"; };
		636622EE17D095BE00CDD510 /* TRIGONOMETRIC FUNCTION DERIVATIVES.pdf */ = {isa = PBXFileReference; lastKnownFileType = image.pdf; name = "TRIGONOMETRIC FUNCTION DERIVATIVES.pdf"; path = "../TRIGONOMETRIC FUNCTION DERIVATIVES.pdf"; sourceTree = "<group>"; };
		636622F017D0963100CDD510 /* CHAIN RULE.pdf */ = {isa = PBXFileReference; lastKnownFileType = image.pdf; name = "CHAIN RULE.pdf"; path = "../CHAIN RULE.pdf"; sourceTree = "<group>"; };
		636622F217D0A0D900CDD510 /* SLOPE.pdf */ = {isa = PBXFileReference; lastKnownFileType = image.pdf; name = SLOPE.pdf; path = ../SLOPE.pdf; sourceTree = "<group>"; };
		636622F417D0A24C00CDD510 /* DISTANCE.pdf */ = {isa = PBXFileReference; lastKnownFileType = image.pdf; name = DISTANCE.pdf; path = ../DISTANCE.pdf; sourceTree = "<group>"; };
		636622F617D0A2D000CDD510 /* MIDPOINT.pdf */ = {isa = PBXFileReference; lastKnownFileType = image.pdf; name = MIDPOINT.pdf; path = ../MIDPOINT.pdf; sourceTree = "<group>"; };
		636622F817D0A34A00CDD510 /* INTERCEPTS.pdf */ = {isa = PBXFileReference; lastKnownFileType = image.pdf; name = INTERCEPTS.pdf; path = ../INTERCEPTS.pdf; sourceTree = "<group>"; };
		63D12E2C17BF1A5A00ABACEE /* year 10 exponents and logs quiz.pdf */ = {isa = PBXFileReference; lastKnownFileType = image.pdf; name = "year 10 exponents and logs quiz.pdf"; path = "../year 10 exponents and logs quiz.pdf"; sourceTree = "<group>"; };
		63FF038217892B87005865BB /* InitialView.h */ = {isa = PBXFileReference; fileEncoding = 4; lastKnownFileType = sourcecode.c.h; path = InitialView.h; sourceTree = "<group>"; };
		63FF038317892B87005865BB /* InitialView.m */ = {isa = PBXFileReference; fileEncoding = 4; lastKnownFileType = sourcecode.c.objc; path = InitialView.m; sourceTree = "<group>"; };
		63FF038617892CE4005865BB /* ECSlidingViewController.h */ = {isa = PBXFileReference; fileEncoding = 4; lastKnownFileType = sourcecode.c.h; path = ECSlidingViewController.h; sourceTree = "<group>"; };
		63FF038717892CE4005865BB /* ECSlidingViewController.m */ = {isa = PBXFileReference; fileEncoding = 4; lastKnownFileType = sourcecode.c.objc; path = ECSlidingViewController.m; sourceTree = "<group>"; };
		63FF038817892CE4005865BB /* UIImage+ImageWithUIView.h */ = {isa = PBXFileReference; fileEncoding = 4; lastKnownFileType = sourcecode.c.h; path = "UIImage+ImageWithUIView.h"; sourceTree = "<group>"; };
		63FF038917892CE4005865BB /* UIImage+ImageWithUIView.m */ = {isa = PBXFileReference; fileEncoding = 4; lastKnownFileType = sourcecode.c.objc; path = "UIImage+ImageWithUIView.m"; sourceTree = "<group>"; };
		63FF038C17892E09005865BB /* QuartzCore.framework */ = {isa = PBXFileReference; lastKnownFileType = wrapper.framework; name = QuartzCore.framework; path = System/Library/Frameworks/QuartzCore.framework; sourceTree = SDKROOT; };
		63FF038E17892E72005865BB /* MenuViewController.h */ = {isa = PBXFileReference; fileEncoding = 4; lastKnownFileType = sourcecode.c.h; path = MenuViewController.h; sourceTree = "<group>"; };
		63FF038F17892E72005865BB /* MenuViewController.m */ = {isa = PBXFileReference; fileEncoding = 4; lastKnownFileType = sourcecode.c.objc; path = MenuViewController.m; sourceTree = "<group>"; };
		BF3E120E1792A1C600555DBB /* Kefa.ttc */ = {isa = PBXFileReference; lastKnownFileType = file; path = Kefa.ttc; sourceTree = "<group>"; };
		BF6F18A417EEA72F00422823 /* Images.xcassets */ = {isa = PBXFileReference; lastKnownFileType = folder.assetcatalog; name = Images.xcassets; path = Formulae/Images.xcassets; sourceTree = "<group>"; };
		BF82315E177AD6510082E6E5 /* EquationViewer.h */ = {isa = PBXFileReference; fileEncoding = 4; lastKnownFileType = sourcecode.c.h; path = EquationViewer.h; sourceTree = "<group>"; };
		BF82315F177AD6510082E6E5 /* EquationViewer.m */ = {isa = PBXFileReference; fileEncoding = 4; lastKnownFileType = sourcecode.c.objc; path = EquationViewer.m; sourceTree = "<group>"; };
		BF91462A17D89A080076F7D8 /* WorkedExamplesViewer.h */ = {isa = PBXFileReference; fileEncoding = 4; lastKnownFileType = sourcecode.c.h; path = WorkedExamplesViewer.h; sourceTree = "<group>"; };
		BF91462B17D89A090076F7D8 /* WorkedExamplesViewer.m */ = {isa = PBXFileReference; fileEncoding = 4; lastKnownFileType = sourcecode.c.objc; path = WorkedExamplesViewer.m; sourceTree = "<group>"; };
		BFCBB72917D1CDFF0032F173 /* DocumentViewer.h */ = {isa = PBXFileReference; fileEncoding = 4; lastKnownFileType = sourcecode.c.h; path = DocumentViewer.h; sourceTree = "<group>"; };
		BFCBB72A17D1CDFF0032F173 /* DocumentViewer.m */ = {isa = PBXFileReference; fileEncoding = 4; lastKnownFileType = sourcecode.c.objc; path = DocumentViewer.m; sourceTree = "<group>"; };
/* End PBXFileReference section */

/* Begin PBXFrameworksBuildPhase section */
		63284BC617226E190093C4B3 /* Frameworks */ = {
			isa = PBXFrameworksBuildPhase;
			buildActionMask = 2147483647;
			files = (
				63FF038D17892E09005865BB /* QuartzCore.framework in Frameworks */,
				63284BCD17226E190093C4B3 /* UIKit.framework in Frameworks */,
				63284BCF17226E190093C4B3 /* Foundation.framework in Frameworks */,
				63284BD117226E190093C4B3 /* CoreGraphics.framework in Frameworks */,
			);
			runOnlyForDeploymentPostprocessing = 0;
		};
/* End PBXFrameworksBuildPhase section */

/* Begin PBXGroup section */
		63284BC017226E190093C4B3 = {
			isa = PBXGroup;
			children = (
				BF82313617784DEF0082E6E5 /* Files */,
				63284BD217226E190093C4B3 /* Formulae */,
				63284BCB17226E190093C4B3 /* Frameworks */,
				63284BCA17226E190093C4B3 /* Products */,
			);
			sourceTree = "<group>";
		};
		63284BCA17226E190093C4B3 /* Products */ = {
			isa = PBXGroup;
			children = (
				63284BC917226E190093C4B3 /* Formulae.app */,
			);
			name = Products;
			sourceTree = "<group>";
		};
		63284BCB17226E190093C4B3 /* Frameworks */ = {
			isa = PBXGroup;
			children = (
				63FF038C17892E09005865BB /* QuartzCore.framework */,
				63284BCC17226E190093C4B3 /* UIKit.framework */,
				63284BCE17226E190093C4B3 /* Foundation.framework */,
				63284BD017226E190093C4B3 /* CoreGraphics.framework */,
			);
			name = Frameworks;
			sourceTree = "<group>";
		};
		63284BD217226E190093C4B3 /* Formulae */ = {
			isa = PBXGroup;
			children = (
				633EFBAC17C78B4A0030436A /* u subsitution worksheet-1.pdf */,
				636622CE17D07DEA00CDD510 /* Diff Quiz.pdf */,
				636622D817D081E700CDD510 /* Fractions Exam Grade 7.pdf */,
				636622DE17D090B600CDD510 /* First Principles.pdf */,
				63D12E2C17BF1A5A00ABACEE /* year 10 exponents and logs quiz.pdf */,
				636622E017D0924E00CDD510 /* POWER RULE 101.pdf */,
				636622F217D0A0D900CDD510 /* SLOPE.pdf */,
				636622D217D07FF300CDD510 /* Mathematics Statistics Test .pdf */,
				636622D417D0807B00CDD510 /* Maths Studies Binomial Distribution Revision.pdf */,
				636622E417D0935A00CDD510 /* SUM RULE.pdf */,
				636622EE17D095BE00CDD510 /* TRIGONOMETRIC FUNCTION DERIVATIVES.pdf */,
				636622F617D0A2D000CDD510 /* MIDPOINT.pdf */,
				636622F417D0A24C00CDD510 /* DISTANCE.pdf */,
				636622F017D0963100CDD510 /* CHAIN RULE.pdf */,
				636622F817D0A34A00CDD510 /* INTERCEPTS.pdf */,
				636622EC17D0954500CDD510 /* LNX.pdf */,
				636622EA17D094F700CDD510 /* EULER RULE.pdf */,
				636622E817D094AE00CDD510 /* PRODUCT RULE.pdf */,
				636622E617D093EC00CDD510 /* QUOTIENT RULE.pdf */,
				636622E217D092F500CDD510 /* POWER RULE.pdf */,
				636622D617D080E300CDD510 /* Physics Textbook 5.0.pdf */,
				636622DA17D082AE00CDD510 /* How many moles in a ham and cheese sandwich.pdf */,
				636622D017D07F1500CDD510 /* Year 11 Quadratics What do I remember.pdf */,
				63284BD317226E190093C4B3 /* Supporting Files */,
			);
			path = Formulae;
			sourceTree = "<group>";
		};
		63284BD317226E190093C4B3 /* Supporting Files */ = {
			isa = PBXGroup;
			children = (
				63284BD417226E190093C4B3 /* Formulae-Info.plist */,
				63284BD517226E190093C4B3 /* InfoPlist.strings */,
				63284BD817226E190093C4B3 /* main.m */,
				63284BDA17226E190093C4B3 /* Formulae-Prefix.pch */,
			);
			name = "Supporting Files";
			sourceTree = "<group>";
		};
		63FF038517892CE4005865BB /* Open Source Frameworks */ = {
			isa = PBXGroup;
			children = (
				63FF038617892CE4005865BB /* ECSlidingViewController.h */,
				63FF038717892CE4005865BB /* ECSlidingViewController.m */,
				63FF038817892CE4005865BB /* UIImage+ImageWithUIView.h */,
				63FF038917892CE4005865BB /* UIImage+ImageWithUIView.m */,
			);
			name = "Open Source Frameworks";
			path = ECSlidingViewController;
			sourceTree = "<group>";
		};
		BF82313617784DEF0082E6E5 /* Files */ = {
			isa = PBXGroup;
			children = (
				BF6F18A417EEA72F00422823 /* Images.xcassets */,
				BF3E120E1792A1C600555DBB /* Kefa.ttc */,
				63284BE417226E190093C4B3 /* MainStoryboard.storyboard */,
				BF91462A17D89A080076F7D8 /* WorkedExamplesViewer.h */,
				BF91462B17D89A090076F7D8 /* WorkedExamplesViewer.m */,
				BFCBB72917D1CDFF0032F173 /* DocumentViewer.h */,
				BFCBB72A17D1CDFF0032F173 /* DocumentViewer.m */,
				63284BDB17226E190093C4B3 /* AppDelegate.h */,
				63284BDC17226E190093C4B3 /* AppDelegate.m */,
				63284BE717226E190093C4B3 /* ViewController.h */,
				63284BE817226E190093C4B3 /* ViewController.m */,
				BF82315E177AD6510082E6E5 /* EquationViewer.h */,
				BF82315F177AD6510082E6E5 /* EquationViewer.m */,
				63FF038E17892E72005865BB /* MenuViewController.h */,
				63FF038F17892E72005865BB /* MenuViewController.m */,
				63FF038217892B87005865BB /* InitialView.h */,
				63FF038317892B87005865BB /* InitialView.m */,
				63FF038517892CE4005865BB /* Open Source Frameworks */,
				BF82313717784E200082E6E5 /* Graphics */,
			);
			name = Files;
			sourceTree = "<group>";
		};
		BF82313717784E200082E6E5 /* Graphics */ = {
			isa = PBXGroup;
			children = (
			);
			name = Graphics;
			sourceTree = "<group>";
		};
/* End PBXGroup section */

/* Begin PBXNativeTarget section */
		63284BC817226E190093C4B3 /* Formulae */ = {
			isa = PBXNativeTarget;
			buildConfigurationList = 63284BEC17226E190093C4B3 /* Build configuration list for PBXNativeTarget "Formulae" */;
			buildPhases = (
				63284BC517226E190093C4B3 /* Sources */,
				63284BC617226E190093C4B3 /* Frameworks */,
				63284BC717226E190093C4B3 /* Resources */,
			);
			buildRules = (
			);
			dependencies = (
			);
			name = Formulae;
			productName = Formulae;
			productReference = 63284BC917226E190093C4B3 /* Formulae.app */;
			productType = "com.apple.product-type.application";
		};
/* End PBXNativeTarget section */

/* Begin PBXProject section */
		63284BC117226E190093C4B3 /* Project object */ = {
			isa = PBXProject;
			attributes = {
				LastUpgradeCheck = 0460;
				ORGANIZATIONNAME = "David McAfee";
				TargetAttributes = {
					63284BC817226E190093C4B3 = {
						DevelopmentTeam = FF5R64KLU6;
					};
				};
			};
			buildConfigurationList = 63284BC417226E190093C4B3 /* Build configuration list for PBXProject "Formulae" */;
			compatibilityVersion = "Xcode 3.2";
			developmentRegion = English;
			hasScannedForEncodings = 0;
			knownRegions = (
				en,
			);
			mainGroup = 63284BC017226E190093C4B3;
			productRefGroup = 63284BCA17226E190093C4B3 /* Products */;
			projectDirPath = "";
			projectRoot = "";
			targets = (
				63284BC817226E190093C4B3 /* Formulae */,
			);
		};
/* End PBXProject section */

/* Begin PBXResourcesBuildPhase section */
		63284BC717226E190093C4B3 /* Resources */ = {
			isa = PBXResourcesBuildPhase;
			buildActionMask = 2147483647;
			files = (
				63284BD717226E190093C4B3 /* InfoPlist.strings in Resources */,
				BF6F18A517EEA72F00422823 /* Images.xcassets in Resources */,
				63284BE617226E190093C4B3 /* MainStoryboard.storyboard in Resources */,
				BF3E120F1792A1C600555DBB /* Kefa.ttc in Resources */,
				63D12E2D17BF1A5A00ABACEE /* year 10 exponents and logs quiz.pdf in Resources */,
				633EFBAD17C78B4A0030436A /* u subsitution worksheet-1.pdf in Resources */,
				636622CF17D07DEA00CDD510 /* Diff Quiz.pdf in Resources */,
				636622D117D07F1500CDD510 /* Year 11 Quadratics What do I remember.pdf in Resources */,
				636622D317D07FF300CDD510 /* Mathematics Statistics Test .pdf in Resources */,
				636622D517D0807B00CDD510 /* Maths Studies Binomial Distribution Revision.pdf in Resources */,
				636622D717D080E300CDD510 /* Physics Textbook 5.0.pdf in Resources */,
				636622D917D081E700CDD510 /* Fractions Exam Grade 7.pdf in Resources */,
				636622DB17D082AE00CDD510 /* How many moles in a ham and cheese sandwich.pdf in Resources */,
				636622DF17D090B600CDD510 /* First Principles.pdf in Resources */,
				636622E117D0924E00CDD510 /* POWER RULE 101.pdf in Resources */,
				636622E317D092F500CDD510 /* POWER RULE.pdf in Resources */,
				636622E517D0935A00CDD510 /* SUM RULE.pdf in Resources */,
				636622E717D093EC00CDD510 /* QUOTIENT RULE.pdf in Resources */,
				636622E917D094AE00CDD510 /* PRODUCT RULE.pdf in Resources */,
				636622EB17D094F700CDD510 /* EULER RULE.pdf in Resources */,
				636622ED17D0954500CDD510 /* LNX.pdf in Resources */,
				636622EF17D095BE00CDD510 /* TRIGONOMETRIC FUNCTION DERIVATIVES.pdf in Resources */,
				636622F117D0963100CDD510 /* CHAIN RULE.pdf in Resources */,
				636622F317D0A0D900CDD510 /* SLOPE.pdf in Resources */,
				636622F517D0A24C00CDD510 /* DISTANCE.pdf in Resources */,
				636622F717D0A2D100CDD510 /* MIDPOINT.pdf in Resources */,
				636622F917D0A34A00CDD510 /* INTERCEPTS.pdf in Resources */,
			);
			runOnlyForDeploymentPostprocessing = 0;
		};
/* End PBXResourcesBuildPhase section */

/* Begin PBXSourcesBuildPhase section */
		63284BC517226E190093C4B3 /* Sources */ = {
			isa = PBXSourcesBuildPhase;
			buildActionMask = 2147483647;
			files = (
				63284BD917226E190093C4B3 /* main.m in Sources */,
				63284BDD17226E190093C4B3 /* AppDelegate.m in Sources */,
				63284BE917226E190093C4B3 /* ViewController.m in Sources */,
				BF823160177AD6510082E6E5 /* EquationViewer.m in Sources */,
				63FF038417892B87005865BB /* InitialView.m in Sources */,
				63FF038A17892CE4005865BB /* ECSlidingViewController.m in Sources */,
				63FF038B17892CE4005865BB /* UIImage+ImageWithUIView.m in Sources */,
				63FF039017892E72005865BB /* MenuViewController.m in Sources */,
				BFCBB72B17D1CDFF0032F173 /* DocumentViewer.m in Sources */,
				BF91462C17D89A090076F7D8 /* WorkedExamplesViewer.m in Sources */,
			);
			runOnlyForDeploymentPostprocessing = 0;
		};
/* End PBXSourcesBuildPhase section */

/* Begin PBXVariantGroup section */
		63284BD517226E190093C4B3 /* InfoPlist.strings */ = {
			isa = PBXVariantGroup;
			children = (
				63284BD617226E190093C4B3 /* en */,
			);
			name = InfoPlist.strings;
			sourceTree = "<group>";
		};
		63284BE417226E190093C4B3 /* MainStoryboard.storyboard */ = {
			isa = PBXVariantGroup;
			children = (
				63284BE517226E190093C4B3 /* en */,
			);
			name = MainStoryboard.storyboard;
			path = Formulae;
			sourceTree = "<group>";
		};
/* End PBXVariantGroup section */

/* Begin XCBuildConfiguration section */
		63284BEA17226E190093C4B3 /* Debug */ = {
			isa = XCBuildConfiguration;
			buildSettings = {
				ALWAYS_SEARCH_USER_PATHS = NO;
				CLANG_CXX_LANGUAGE_STANDARD = "gnu++0x";
				CLANG_CXX_LIBRARY = "libc++";
				CLANG_WARN_CONSTANT_CONVERSION = YES;
				CLANG_WARN_EMPTY_BODY = YES;
				CLANG_WARN_ENUM_CONVERSION = YES;
				CLANG_WARN_INT_CONVERSION = YES;
				CLANG_WARN__DUPLICATE_METHOD_MATCH = YES;
				CODE_SIGN_IDENTITY = "iPhone Developer: Achim Grozinger (NKH2X549NQ)";
				"CODE_SIGN_IDENTITY[sdk=iphoneos*]" = "iPhone Developer: Achim Grozinger (NKH2X549NQ)";
				COPY_PHASE_STRIP = NO;
				GCC_C_LANGUAGE_STANDARD = gnu99;
				GCC_DYNAMIC_NO_PIC = NO;
				GCC_OPTIMIZATION_LEVEL = 0;
				GCC_PREPROCESSOR_DEFINITIONS = (
					"DEBUG=1",
					"$(inherited)",
				);
				GCC_SYMBOLS_PRIVATE_EXTERN = NO;
				GCC_WARN_ABOUT_RETURN_TYPE = YES;
				GCC_WARN_UNINITIALIZED_AUTOS = YES;
				GCC_WARN_UNUSED_VARIABLE = YES;
				IPHONEOS_DEPLOYMENT_TARGET = 6.1;
				ONLY_ACTIVE_ARCH = YES;
				PROVISIONING_PROFILE = "BBEC9F49-0525-4BDF-80EF-833914A50A20";
				"PROVISIONING_PROFILE[sdk=iphoneos*]" = "3D4D5464-1E60-4C90-8DB3-F14B41BC9439";
				SDKROOT = iphoneos;
			};
			name = Debug;
		};
		63284BEB17226E190093C4B3 /* Release */ = {
			isa = XCBuildConfiguration;
			buildSettings = {
				ALWAYS_SEARCH_USER_PATHS = NO;
				CLANG_CXX_LANGUAGE_STANDARD = "gnu++0x";
				CLANG_CXX_LIBRARY = "libc++";
				CLANG_WARN_CONSTANT_CONVERSION = YES;
				CLANG_WARN_EMPTY_BODY = YES;
				CLANG_WARN_ENUM_CONVERSION = YES;
				CLANG_WARN_INT_CONVERSION = YES;
				CLANG_WARN__DUPLICATE_METHOD_MATCH = YES;
				CODE_SIGN_IDENTITY = "iPhone Developer: Achim Grozinger (NKH2X549NQ)";
				"CODE_SIGN_IDENTITY[sdk=iphoneos*]" = "iPhone Developer: Achim Grozinger (NKH2X549NQ)";
				COPY_PHASE_STRIP = YES;
				GCC_C_LANGUAGE_STANDARD = gnu99;
				GCC_WARN_ABOUT_RETURN_TYPE = YES;
				GCC_WARN_UNINITIALIZED_AUTOS = YES;
				GCC_WARN_UNUSED_VARIABLE = YES;
				IPHONEOS_DEPLOYMENT_TARGET = 6.1;
				OTHER_CFLAGS = "-DNS_BLOCK_ASSERTIONS=1";
				PROVISIONING_PROFILE = "BBEC9F49-0525-4BDF-80EF-833914A50A20";
				"PROVISIONING_PROFILE[sdk=iphoneos*]" = "3D4D5464-1E60-4C90-8DB3-F14B41BC9439";
				SDKROOT = iphoneos;
				VALIDATE_PRODUCT = YES;
			};
			name = Release;
		};
		63284BED17226E190093C4B3 /* Debug */ = {
			isa = XCBuildConfiguration;
			buildSettings = {
				ASSETCATALOG_COMPILER_APPICON_NAME = AppIcon;
				ASSETCATALOG_COMPILER_LAUNCHIMAGE_NAME = LaunchImage;
				CLANG_ENABLE_OBJC_ARC = YES;
				CODE_SIGN_IDENTITY = "iPhone Developer";
				"CODE_SIGN_IDENTITY[sdk=iphoneos*]" = "iPhone Distribution: Lecker PTY LTD (FF5R64KLU6)";
				GCC_PRECOMPILE_PREFIX_HEADER = YES;
				GCC_PREFIX_HEADER = "Formulae/Formulae-Prefix.pch";
				INFOPLIST_FILE = "Formulae/Formulae-Info.plist";
				PRODUCT_NAME = "$(TARGET_NAME)";
				PROVISIONING_PROFILE = "0AF7D13D-7328-4AE8-8BC4-ABBDE930AF5F";
				"PROVISIONING_PROFILE[sdk=iphoneos*]" = "0AF7D13D-7328-4AE8-8BC4-ABBDE930AF5F";
				WRAPPER_EXTENSION = app;
			};
			name = Debug;
		};
		63284BEE17226E190093C4B3 /* Release */ = {
			isa = XCBuildConfiguration;
			buildSettings = {
				ASSETCATALOG_COMPILER_APPICON_NAME = AppIcon;
				ASSETCATALOG_COMPILER_LAUNCHIMAGE_NAME = LaunchImage;
				CLANG_ENABLE_OBJC_ARC = YES;
				CODE_SIGN_IDENTITY = "iPhone Developer";
				"CODE_SIGN_IDENTITY[sdk=iphoneos*]" = "iPhone Distribution: Lecker PTY LTD (FF5R64KLU6)";
				GCC_PRECOMPILE_PREFIX_HEADER = YES;
				GCC_PREFIX_HEADER = "Formulae/Formulae-Prefix.pch";
				INFOPLIST_FILE = "Formulae/Formulae-Info.plist";
				PRODUCT_NAME = "$(TARGET_NAME)";
				PROVISIONING_PROFILE = "0AF7D13D-7328-4AE8-8BC4-ABBDE930AF5F";
				"PROVISIONING_PROFILE[sdk=iphoneos*]" = "0AF7D13D-7328-4AE8-8BC4-ABBDE930AF5F";
				WRAPPER_EXTENSION = app;
			};
			name = Release;
		};
/* End XCBuildConfiguration section */

/* Begin XCConfigurationList section */
		63284BC417226E190093C4B3 /* Build configuration list for PBXProject "Formulae" */ = {
			isa = XCConfigurationList;
			buildConfigurations = (
				63284BEA17226E190093C4B3 /* Debug */,
				63284BEB17226E190093C4B3 /* Release */,
			);
			defaultConfigurationIsVisible = 0;
			defaultConfigurationName = Release;
		};
		63284BEC17226E190093C4B3 /* Build configuration list for PBXNativeTarget "Formulae" */ = {
			isa = XCConfigurationList;
			buildConfigurations = (
				63284BED17226E190093C4B3 /* Debug */,
				63284BEE17226E190093C4B3 /* Release */,
			);
			defaultConfigurationIsVisible = 0;
			defaultConfigurationName = Release;
		};
/* End XCConfigurationList section */
	};
	rootObject = 63284BC117226E190093C4B3 /* Project object */;
}
